
Microsoft Visual Studio Solution File, Format Version 12.00
# Visual Studio Version 17
VisualStudioVersion = 17.8.34309.116
MinimumVisualStudioVersion = 10.0.40219.1
Project("{9A19103F-16F7-4668-BE54-9A1E7A4F7556}") = "Productivity.Shared", "Productivity.Shared\Productivity.Shared.csproj", "{F09CC827-34F7-49E0-9A12-56AA2A00C6C6}"
EndProject
Project("{FAE04EC0-301F-11D3-BF4B-00C04F79EFBC}") = "Productivity.API", "Productivity.API\Productivity.API.csproj", "{B0FE8626-0EE8-40C6-9533-5D4013949E36}"
EndProject
Global
	GlobalSection(SolutionConfigurationPlatforms) = preSolution
		Debug|Any CPU = Debug|Any CPU
		Release|Any CPU = Release|Any CPU
	EndGlobalSection
	GlobalSection(ProjectConfigurationPlatforms) = postSolution
		{F09CC827-34F7-49E0-9A12-56AA2A00C6C6}.Debug|Any CPU.ActiveCfg = Debug|Any CPU
		{F09CC827-34F7-49E0-9A12-56AA2A00C6C6}.Debug|Any CPU.Build.0 = Debug|Any CPU
		{F09CC827-34F7-49E0-9A12-56AA2A00C6C6}.Release|Any CPU.ActiveCfg = Release|Any CPU
		{F09CC827-34F7-49E0-9A12-56AA2A00C6C6}.Release|Any CPU.Build.0 = Release|Any CPU
		{B0FE8626-0EE8-40C6-9533-5D4013949E36}.Debug|Any CPU.ActiveCfg = Debug|Any CPU
		{B0FE8626-0EE8-40C6-9533-5D4013949E36}.Debug|Any CPU.Build.0 = Debug|Any CPU
		{B0FE8626-0EE8-40C6-9533-5D4013949E36}.Release|Any CPU.ActiveCfg = Release|Any CPU
		{B0FE8626-0EE8-40C6-9533-5D4013949E36}.Release|Any CPU.Build.0 = Release|Any CPU
	EndGlobalSection
	GlobalSection(SolutionProperties) = preSolution
		HideSolutionNode = FALSE
	EndGlobalSection
	GlobalSection(ExtensibilityGlobals) = postSolution
		SolutionGuid = {B6D39C9E-949D-4D34-9914-07F0682F2DC0}
	EndGlobalSection
EndGlobal
