
Microsoft Visual Studio Solution File, Format Version 12.00
# Visual Studio Version 17
VisualStudioVersion = 17.8.34309.116
MinimumVisualStudioVersion = 10.0.40219.1
Project("{9A19103F-16F7-4668-BE54-9A1E7A4F7556}") = "Productivity.Shared", "Productivity.Shared\Productivity.Shared.csproj", "{F09CC827-34F7-49E0-9A12-56AA2A00C6C6}"
EndProject
Project("{9A19103F-16F7-4668-BE54-9A1E7A4F7556}") = "Productivity.API", "Productivity.API\Productivity.API.csproj", "{B0FE8626-0EE8-40C6-9533-5D4013949E36}"
EndProject
Project("{E53339B2-1760-4266-BCC7-CA923CBCF16C}") = "docker-compose", "docker-compose.dcproj", "{7B675D9F-2BC4-4472-94B4-F909F565702A}"
EndProject
Project("{9A19103F-16F7-4668-BE54-9A1E7A4F7556}") = "Productivity.Client", "Productivity.Client\Productivity.Client.csproj", "{2DA5B782-2571-4DB7-8957-D6B32C56ABBC}"
EndProject
Project("{FAE04EC0-301F-11D3-BF4B-00C04F79EFBC}") = "Productivity.MailService", "Productivity.MailService\Productivity.MailService.csproj", "{2CE3342B-7181-428D-90C5-0293B162C271}"
EndProject
Global
	GlobalSection(SolutionConfigurationPlatforms) = preSolution
		Debug|Any CPU = Debug|Any CPU
		Release|Any CPU = Release|Any CPU
	EndGlobalSection
	GlobalSection(ProjectConfigurationPlatforms) = postSolution
		{F09CC827-34F7-49E0-9A12-56AA2A00C6C6}.Debug|Any CPU.ActiveCfg = Debug|Any CPU
		{F09CC827-34F7-49E0-9A12-56AA2A00C6C6}.Debug|Any CPU.Build.0 = Debug|Any CPU
		{F09CC827-34F7-49E0-9A12-56AA2A00C6C6}.Release|Any CPU.ActiveCfg = Release|Any CPU
		{F09CC827-34F7-49E0-9A12-56AA2A00C6C6}.Release|Any CPU.Build.0 = Release|Any CPU
		{B0FE8626-0EE8-40C6-9533-5D4013949E36}.Debug|Any CPU.ActiveCfg = Debug|Any CPU
		{B0FE8626-0EE8-40C6-9533-5D4013949E36}.Debug|Any CPU.Build.0 = Debug|Any CPU
		{B0FE8626-0EE8-40C6-9533-5D4013949E36}.Release|Any CPU.ActiveCfg = Release|Any CPU
		{B0FE8626-0EE8-40C6-9533-5D4013949E36}.Release|Any CPU.Build.0 = Release|Any CPU
		{7B675D9F-2BC4-4472-94B4-F909F565702A}.Debug|Any CPU.ActiveCfg = Debug|Any CPU
		{7B675D9F-2BC4-4472-94B4-F909F565702A}.Debug|Any CPU.Build.0 = Debug|Any CPU
		{7B675D9F-2BC4-4472-94B4-F909F565702A}.Release|Any CPU.ActiveCfg = Release|Any CPU
		{7B675D9F-2BC4-4472-94B4-F909F565702A}.Release|Any CPU.Build.0 = Release|Any CPU
		{2DA5B782-2571-4DB7-8957-D6B32C56ABBC}.Debug|Any CPU.ActiveCfg = Debug|Any CPU
		{2DA5B782-2571-4DB7-8957-D6B32C56ABBC}.Debug|Any CPU.Build.0 = Debug|Any CPU
		{2DA5B782-2571-4DB7-8957-D6B32C56ABBC}.Release|Any CPU.ActiveCfg = Release|Any CPU
		{2DA5B782-2571-4DB7-8957-D6B32C56ABBC}.Release|Any CPU.Build.0 = Release|Any CPU
		{2CE3342B-7181-428D-90C5-0293B162C271}.Debug|Any CPU.ActiveCfg = Debug|Any CPU
		{2CE3342B-7181-428D-90C5-0293B162C271}.Debug|Any CPU.Build.0 = Debug|Any CPU
		{2CE3342B-7181-428D-90C5-0293B162C271}.Release|Any CPU.ActiveCfg = Release|Any CPU
		{2CE3342B-7181-428D-90C5-0293B162C271}.Release|Any CPU.Build.0 = Release|Any CPU
	EndGlobalSection
	GlobalSection(SolutionProperties) = preSolution
		HideSolutionNode = FALSE
	EndGlobalSection
	GlobalSection(ExtensibilityGlobals) = postSolution
		SolutionGuid = {B6D39C9E-949D-4D34-9914-07F0682F2DC0}
	EndGlobalSection
EndGlobal
